
Microsoft Visual Studio Solution File, Format Version 12.00
# Visual Studio Version 16
VisualStudioVersion = 16.0.29613.14
MinimumVisualStudioVersion = 10.0.40219.1
Project("{FAE04EC0-301F-11D3-BF4B-00C04F79EFBC}") = "Taak4ISBN", "Taak4ISBN.csproj", "{65322B15-7511-4346-91FB-63D74230B7B9}"
EndProject
Global
	GlobalSection(SolutionConfigurationPlatforms) = preSolution
		Debug|Any CPU = Debug|Any CPU
		Release|Any CPU = Release|Any CPU
	EndGlobalSection
	GlobalSection(ProjectConfigurationPlatforms) = postSolution
		{65322B15-7511-4346-91FB-63D74230B7B9}.Debug|Any CPU.ActiveCfg = Debug|Any CPU
		{65322B15-7511-4346-91FB-63D74230B7B9}.Debug|Any CPU.Build.0 = Debug|Any CPU
		{65322B15-7511-4346-91FB-63D74230B7B9}.Release|Any CPU.ActiveCfg = Release|Any CPU
		{65322B15-7511-4346-91FB-63D74230B7B9}.Release|Any CPU.Build.0 = Release|Any CPU
	EndGlobalSection
	GlobalSection(SolutionProperties) = preSolution
		HideSolutionNode = FALSE
	EndGlobalSection
	GlobalSection(ExtensibilityGlobals) = postSolution
		SolutionGuid = {0AD3F704-9079-413A-AEA2-4DEA1276BBBD}
	EndGlobalSection
EndGlobal
